// !$*UTF8*$!
{
	archiveVersion = 1;
	classes = {
	};
	objectVersion = 55;
	objects = {

/* Begin PBXBuildFile section */
		D811440F27CBBAC2008FB825 /* AppDelegate.swift in Sources */ = {isa = PBXBuildFile; fileRef = D811440E27CBBAC2008FB825 /* AppDelegate.swift */; };
		D811441127CBBAC2008FB825 /* SceneDelegate.swift in Sources */ = {isa = PBXBuildFile; fileRef = D811441027CBBAC2008FB825 /* SceneDelegate.swift */; };
		D811441827CBBAC4008FB825 /* Assets.xcassets in Resources */ = {isa = PBXBuildFile; fileRef = D811441727CBBAC4008FB825 /* Assets.xcassets */; };
		D811441B27CBBAC4008FB825 /* LaunchScreen.storyboard in Resources */ = {isa = PBXBuildFile; fileRef = D811441927CBBAC4008FB825 /* LaunchScreen.storyboard */; };
		D811442627CBBAC4008FB825 /* FootballTablesTests.swift in Sources */ = {isa = PBXBuildFile; fileRef = D811442527CBBAC4008FB825 /* FootballTablesTests.swift */; };
		D811443027CBBAC4008FB825 /* FootballTablesUITests.swift in Sources */ = {isa = PBXBuildFile; fileRef = D811442F27CBBAC4008FB825 /* FootballTablesUITests.swift */; };
		D811443227CBBAC4008FB825 /* FootballTablesUITestsLaunchTests.swift in Sources */ = {isa = PBXBuildFile; fileRef = D811443127CBBAC4008FB825 /* FootballTablesUITestsLaunchTests.swift */; };
		D811444027CBBD96008FB825 /* ComposableArchitecture in Frameworks */ = {isa = PBXBuildFile; productRef = D811443F27CBBD96008FB825 /* ComposableArchitecture */; };
		D811444327CBBDB5008FB825 /* SnapKit in Frameworks */ = {isa = PBXBuildFile; productRef = D811444227CBBDB5008FB825 /* SnapKit */; };
		D811444627CBBDCB008FB825 /* SDWebImageSVGCoder in Frameworks */ = {isa = PBXBuildFile; productRef = D811444527CBBDCB008FB825 /* SDWebImageSVGCoder */; };
		D811444827CBBE43008FB825 /* StoreViewState.swift in Sources */ = {isa = PBXBuildFile; fileRef = D811444727CBBE43008FB825 /* StoreViewState.swift */; };
		D811444A27CBBE59008FB825 /* StoreViewController.swift in Sources */ = {isa = PBXBuildFile; fileRef = D811444927CBBE59008FB825 /* StoreViewController.swift */; };
		D811444C27CBBE75008FB825 /* StoreTableViewCell.swift in Sources */ = {isa = PBXBuildFile; fileRef = D811444B27CBBE75008FB825 /* StoreTableViewCell.swift */; };
		D811444F27CBBECC008FB825 /* CompetitionStandingView+Core.swift in Sources */ = {isa = PBXBuildFile; fileRef = D811444E27CBBECC008FB825 /* CompetitionStandingView+Core.swift */; };
		D811445227CBBEEA008FB825 /* CompetitionStandingView+ViewState.swift in Sources */ = {isa = PBXBuildFile; fileRef = D811445127CBBEEA008FB825 /* CompetitionStandingView+ViewState.swift */; };
		D811445427CBBF19008FB825 /* CompetitionStandingViewController.swift in Sources */ = {isa = PBXBuildFile; fileRef = D811445327CBBF19008FB825 /* CompetitionStandingViewController.swift */; };
		D811445627CBBF27008FB825 /* TeamStandingViewCell.swift in Sources */ = {isa = PBXBuildFile; fileRef = D811445527CBBF27008FB825 /* TeamStandingViewCell.swift */; };
		D811445A27CBC102008FB825 /* FootballDataClient in Frameworks */ = {isa = PBXBuildFile; productRef = D811445927CBC102008FB825 /* FootballDataClient */; };
		D811445C27CBC146008FB825 /* Applicable.swift in Sources */ = {isa = PBXBuildFile; fileRef = D811445B27CBC146008FB825 /* Applicable.swift */; };
		D811445E27CBC1B9008FB825 /* Sectionable.swift in Sources */ = {isa = PBXBuildFile; fileRef = D811445D27CBC1B9008FB825 /* Sectionable.swift */; };
		D811446127CBC212008FB825 /* Array+Sectionable.swift in Sources */ = {isa = PBXBuildFile; fileRef = D811446027CBC212008FB825 /* Array+Sectionable.swift */; };
		D811446327CBC254008FB825 /* UITableViewDiffableDataSource+Extensions.swift in Sources */ = {isa = PBXBuildFile; fileRef = D811446227CBC254008FB825 /* UITableViewDiffableDataSource+Extensions.swift */; };
		D811446627CBC329008FB825 /* TeamViewController.swift in Sources */ = {isa = PBXBuildFile; fileRef = D811446527CBC329008FB825 /* TeamViewController.swift */; };
		D811446827CBC342008FB825 /* TeamView+Core.swift in Sources */ = {isa = PBXBuildFile; fileRef = D811446727CBC342008FB825 /* TeamView+Core.swift */; };
		D811446A27CBC400008FB825 /* TeamView+ViewState.swift in Sources */ = {isa = PBXBuildFile; fileRef = D811446927CBC400008FB825 /* TeamView+ViewState.swift */; };
		D811446C27CBC418008FB825 /* TeamDetailViewCell.swift in Sources */ = {isa = PBXBuildFile; fileRef = D811446B27CBC418008FB825 /* TeamDetailViewCell.swift */; };
		D811447127CBC88D008FB825 /* Secrets.swift in Sources */ = {isa = PBXBuildFile; fileRef = D811447027CBC88D008FB825 /* Secrets.swift */; };
		D811447627CBC94B008FB825 /* Secrets.swift.example in Resources */ = {isa = PBXBuildFile; fileRef = D811447527CBC94B008FB825 /* Secrets.swift.example */; };
		D811447827CBD699008FB825 /* Sequence+Extensions.swift in Sources */ = {isa = PBXBuildFile; fileRef = D811447727CBD699008FB825 /* Sequence+Extensions.swift */; };
		D811447B27CCBF2B008FB825 /* CombineExt in Frameworks */ = {isa = PBXBuildFile; productRef = D811447A27CCBF2B008FB825 /* CombineExt */; };
		D811447D27CCC013008FB825 /* StandingDashboardView+Core.swift in Sources */ = {isa = PBXBuildFile; fileRef = D811447C27CCC013008FB825 /* StandingDashboardView+Core.swift */; };
		D811448027CCC227008FB825 /* Array+Extensions.swift in Sources */ = {isa = PBXBuildFile; fileRef = D811447F27CCC227008FB825 /* Array+Extensions.swift */; };
		D811448227CCC94B008FB825 /* StandingDashboardView+ViewState.swift in Sources */ = {isa = PBXBuildFile; fileRef = D811448127CCC94B008FB825 /* StandingDashboardView+ViewState.swift */; };
		D811448427CCCA17008FB825 /* StandingDashboardViewController.swift in Sources */ = {isa = PBXBuildFile; fileRef = D811448327CCCA17008FB825 /* StandingDashboardViewController.swift */; };
		D811448727CDCF74008FB825 /* MatchViewState.swift in Sources */ = {isa = PBXBuildFile; fileRef = D811448627CDCF74008FB825 /* MatchViewState.swift */; };
		D811448927CDCF8B008FB825 /* MatchViewCell.swift in Sources */ = {isa = PBXBuildFile; fileRef = D811448827CDCF8B008FB825 /* MatchViewCell.swift */; };
/* End PBXBuildFile section */

/* Begin PBXContainerItemProxy section */
		D811442227CBBAC4008FB825 /* PBXContainerItemProxy */ = {
			isa = PBXContainerItemProxy;
			containerPortal = D811440327CBBAC2008FB825 /* Project object */;
			proxyType = 1;
			remoteGlobalIDString = D811440A27CBBAC2008FB825;
			remoteInfo = FootballTables;
		};
		D811442C27CBBAC4008FB825 /* PBXContainerItemProxy */ = {
			isa = PBXContainerItemProxy;
			containerPortal = D811440327CBBAC2008FB825 /* Project object */;
			proxyType = 1;
			remoteGlobalIDString = D811440A27CBBAC2008FB825;
			remoteInfo = FootballTables;
		};
/* End PBXContainerItemProxy section */

/* Begin PBXFileReference section */
		D811440B27CBBAC2008FB825 /* FootballTables.app */ = {isa = PBXFileReference; explicitFileType = wrapper.application; includeInIndex = 0; path = FootballTables.app; sourceTree = BUILT_PRODUCTS_DIR; };
		D811440E27CBBAC2008FB825 /* AppDelegate.swift */ = {isa = PBXFileReference; lastKnownFileType = sourcecode.swift; path = AppDelegate.swift; sourceTree = "<group>"; };
		D811441027CBBAC2008FB825 /* SceneDelegate.swift */ = {isa = PBXFileReference; lastKnownFileType = sourcecode.swift; path = SceneDelegate.swift; sourceTree = "<group>"; };
		D811441727CBBAC4008FB825 /* Assets.xcassets */ = {isa = PBXFileReference; lastKnownFileType = folder.assetcatalog; path = Assets.xcassets; sourceTree = "<group>"; };
		D811441A27CBBAC4008FB825 /* Base */ = {isa = PBXFileReference; lastKnownFileType = file.storyboard; name = Base; path = Base.lproj/LaunchScreen.storyboard; sourceTree = "<group>"; };
		D811441C27CBBAC4008FB825 /* Info.plist */ = {isa = PBXFileReference; lastKnownFileType = text.plist.xml; path = Info.plist; sourceTree = "<group>"; };
		D811442127CBBAC4008FB825 /* FootballTablesTests.xctest */ = {isa = PBXFileReference; explicitFileType = wrapper.cfbundle; includeInIndex = 0; path = FootballTablesTests.xctest; sourceTree = BUILT_PRODUCTS_DIR; };
		D811442527CBBAC4008FB825 /* FootballTablesTests.swift */ = {isa = PBXFileReference; lastKnownFileType = sourcecode.swift; path = FootballTablesTests.swift; sourceTree = "<group>"; };
		D811442B27CBBAC4008FB825 /* FootballTablesUITests.xctest */ = {isa = PBXFileReference; explicitFileType = wrapper.cfbundle; includeInIndex = 0; path = FootballTablesUITests.xctest; sourceTree = BUILT_PRODUCTS_DIR; };
		D811442F27CBBAC4008FB825 /* FootballTablesUITests.swift */ = {isa = PBXFileReference; lastKnownFileType = sourcecode.swift; path = FootballTablesUITests.swift; sourceTree = "<group>"; };
		D811443127CBBAC4008FB825 /* FootballTablesUITestsLaunchTests.swift */ = {isa = PBXFileReference; lastKnownFileType = sourcecode.swift; path = FootballTablesUITestsLaunchTests.swift; sourceTree = "<group>"; };
		D811444727CBBE43008FB825 /* StoreViewState.swift */ = {isa = PBXFileReference; lastKnownFileType = sourcecode.swift; path = StoreViewState.swift; sourceTree = "<group>"; };
		D811444927CBBE59008FB825 /* StoreViewController.swift */ = {isa = PBXFileReference; lastKnownFileType = sourcecode.swift; path = StoreViewController.swift; sourceTree = "<group>"; };
		D811444B27CBBE75008FB825 /* StoreTableViewCell.swift */ = {isa = PBXFileReference; lastKnownFileType = sourcecode.swift; path = StoreTableViewCell.swift; sourceTree = "<group>"; };
		D811444E27CBBECC008FB825 /* CompetitionStandingView+Core.swift */ = {isa = PBXFileReference; lastKnownFileType = sourcecode.swift; path = "CompetitionStandingView+Core.swift"; sourceTree = "<group>"; };
		D811445127CBBEEA008FB825 /* CompetitionStandingView+ViewState.swift */ = {isa = PBXFileReference; lastKnownFileType = sourcecode.swift; path = "CompetitionStandingView+ViewState.swift"; sourceTree = "<group>"; };
		D811445327CBBF19008FB825 /* CompetitionStandingViewController.swift */ = {isa = PBXFileReference; lastKnownFileType = sourcecode.swift; path = CompetitionStandingViewController.swift; sourceTree = "<group>"; };
		D811445527CBBF27008FB825 /* TeamStandingViewCell.swift */ = {isa = PBXFileReference; lastKnownFileType = sourcecode.swift; path = TeamStandingViewCell.swift; sourceTree = "<group>"; };
		D811445B27CBC146008FB825 /* Applicable.swift */ = {isa = PBXFileReference; lastKnownFileType = sourcecode.swift; path = Applicable.swift; sourceTree = "<group>"; };
		D811445D27CBC1B9008FB825 /* Sectionable.swift */ = {isa = PBXFileReference; lastKnownFileType = sourcecode.swift; path = Sectionable.swift; sourceTree = "<group>"; };
		D811446027CBC212008FB825 /* Array+Sectionable.swift */ = {isa = PBXFileReference; lastKnownFileType = sourcecode.swift; path = "Array+Sectionable.swift"; sourceTree = "<group>"; };
		D811446227CBC254008FB825 /* UITableViewDiffableDataSource+Extensions.swift */ = {isa = PBXFileReference; lastKnownFileType = sourcecode.swift; path = "UITableViewDiffableDataSource+Extensions.swift"; sourceTree = "<group>"; };
		D811446527CBC329008FB825 /* TeamViewController.swift */ = {isa = PBXFileReference; lastKnownFileType = sourcecode.swift; path = TeamViewController.swift; sourceTree = "<group>"; };
		D811446727CBC342008FB825 /* TeamView+Core.swift */ = {isa = PBXFileReference; lastKnownFileType = sourcecode.swift; path = "TeamView+Core.swift"; sourceTree = "<group>"; };
		D811446927CBC400008FB825 /* TeamView+ViewState.swift */ = {isa = PBXFileReference; lastKnownFileType = sourcecode.swift; path = "TeamView+ViewState.swift"; sourceTree = "<group>"; };
		D811446B27CBC418008FB825 /* TeamDetailViewCell.swift */ = {isa = PBXFileReference; lastKnownFileType = sourcecode.swift; path = TeamDetailViewCell.swift; sourceTree = "<group>"; };
		D811447027CBC88D008FB825 /* Secrets.swift */ = {isa = PBXFileReference; lastKnownFileType = sourcecode.swift; path = Secrets.swift; sourceTree = "<group>"; };
		D811447527CBC94B008FB825 /* Secrets.swift.example */ = {isa = PBXFileReference; lastKnownFileType = text; path = Secrets.swift.example; sourceTree = "<group>"; };
		D811447727CBD699008FB825 /* Sequence+Extensions.swift */ = {isa = PBXFileReference; lastKnownFileType = sourcecode.swift; path = "Sequence+Extensions.swift"; sourceTree = "<group>"; };
		D811447C27CCC013008FB825 /* StandingDashboardView+Core.swift */ = {isa = PBXFileReference; lastKnownFileType = sourcecode.swift; path = "StandingDashboardView+Core.swift"; sourceTree = "<group>"; };
		D811447F27CCC227008FB825 /* Array+Extensions.swift */ = {isa = PBXFileReference; lastKnownFileType = sourcecode.swift; path = "Array+Extensions.swift"; sourceTree = "<group>"; };
		D811448127CCC94B008FB825 /* StandingDashboardView+ViewState.swift */ = {isa = PBXFileReference; lastKnownFileType = sourcecode.swift; path = "StandingDashboardView+ViewState.swift"; sourceTree = "<group>"; };
		D811448327CCCA17008FB825 /* StandingDashboardViewController.swift */ = {isa = PBXFileReference; lastKnownFileType = sourcecode.swift; path = StandingDashboardViewController.swift; sourceTree = "<group>"; };
		D811448627CDCF74008FB825 /* MatchViewState.swift */ = {isa = PBXFileReference; lastKnownFileType = sourcecode.swift; path = MatchViewState.swift; sourceTree = "<group>"; };
		D811448827CDCF8B008FB825 /* MatchViewCell.swift */ = {isa = PBXFileReference; lastKnownFileType = sourcecode.swift; path = MatchViewCell.swift; sourceTree = "<group>"; };
/* End PBXFileReference section */

/* Begin PBXFrameworksBuildPhase section */
		D811440827CBBAC2008FB825 /* Frameworks */ = {
			isa = PBXFrameworksBuildPhase;
			buildActionMask = 2147483647;
			files = (
				D811444627CBBDCB008FB825 /* SDWebImageSVGCoder in Frameworks */,
				D811444027CBBD96008FB825 /* ComposableArchitecture in Frameworks */,
				D811445A27CBC102008FB825 /* FootballDataClient in Frameworks */,
				D811447B27CCBF2B008FB825 /* CombineExt in Frameworks */,
				D811444327CBBDB5008FB825 /* SnapKit in Frameworks */,
			);
			runOnlyForDeploymentPostprocessing = 0;
		};
		D811441E27CBBAC4008FB825 /* Frameworks */ = {
			isa = PBXFrameworksBuildPhase;
			buildActionMask = 2147483647;
			files = (
			);
			runOnlyForDeploymentPostprocessing = 0;
		};
		D811442827CBBAC4008FB825 /* Frameworks */ = {
			isa = PBXFrameworksBuildPhase;
			buildActionMask = 2147483647;
			files = (
			);
			runOnlyForDeploymentPostprocessing = 0;
		};
/* End PBXFrameworksBuildPhase section */

/* Begin PBXGroup section */
		D811440227CBBAC2008FB825 = {
			isa = PBXGroup;
			children = (
				D811440D27CBBAC2008FB825 /* FootballTables */,
				D811442427CBBAC4008FB825 /* FootballTablesTests */,
				D811442E27CBBAC4008FB825 /* FootballTablesUITests */,
				D811440C27CBBAC2008FB825 /* Products */,
			);
			sourceTree = "<group>";
		};
		D811440C27CBBAC2008FB825 /* Products */ = {
			isa = PBXGroup;
			children = (
				D811440B27CBBAC2008FB825 /* FootballTables.app */,
				D811442127CBBAC4008FB825 /* FootballTablesTests.xctest */,
				D811442B27CBBAC4008FB825 /* FootballTablesUITests.xctest */,
			);
			name = Products;
			sourceTree = "<group>";
		};
		D811440D27CBBAC2008FB825 /* FootballTables */ = {
			isa = PBXGroup;
			children = (
				D811445F27CBC1F6008FB825 /* Common */,
				D811445027CBBED9008FB825 /* CompetitionStandingView */,
				D811444D27CBBEA8008FB825 /* ComposableExtensions */,
				D811446427CBC25A008FB825 /* Extensions */,
				D811446F27CBC484008FB825 /* Main */,
				D811448A27CDCF8F008FB825 /* MatchViewCell */,
				D811446E27CBC479008FB825 /* Resources */,
				D811447227CBC892008FB825 /* Secrets */,
				D811447E27CCC01C008FB825 /* StandingDashboardView */,
				D811446D27CBC43B008FB825 /* TeamView */,
			);
			path = FootballTables;
			sourceTree = "<group>";
		};
		D811442427CBBAC4008FB825 /* FootballTablesTests */ = {
			isa = PBXGroup;
			children = (
				D811442527CBBAC4008FB825 /* FootballTablesTests.swift */,
			);
			path = FootballTablesTests;
			sourceTree = "<group>";
		};
		D811442E27CBBAC4008FB825 /* FootballTablesUITests */ = {
			isa = PBXGroup;
			children = (
				D811442F27CBBAC4008FB825 /* FootballTablesUITests.swift */,
				D811443127CBBAC4008FB825 /* FootballTablesUITestsLaunchTests.swift */,
			);
			path = FootballTablesUITests;
			sourceTree = "<group>";
		};
		D811444D27CBBEA8008FB825 /* ComposableExtensions */ = {
			isa = PBXGroup;
			children = (
				D811444727CBBE43008FB825 /* StoreViewState.swift */,
				D811444927CBBE59008FB825 /* StoreViewController.swift */,
				D811444B27CBBE75008FB825 /* StoreTableViewCell.swift */,
			);
			path = ComposableExtensions;
			sourceTree = "<group>";
		};
		D811445027CBBED9008FB825 /* CompetitionStandingView */ = {
			isa = PBXGroup;
			children = (
				D811444E27CBBECC008FB825 /* CompetitionStandingView+Core.swift */,
				D811445127CBBEEA008FB825 /* CompetitionStandingView+ViewState.swift */,
				D811445327CBBF19008FB825 /* CompetitionStandingViewController.swift */,
				D811445527CBBF27008FB825 /* TeamStandingViewCell.swift */,
			);
			path = CompetitionStandingView;
			sourceTree = "<group>";
		};
		D811445F27CBC1F6008FB825 /* Common */ = {
			isa = PBXGroup;
			children = (
				D811445D27CBC1B9008FB825 /* Sectionable.swift */,
				D811445B27CBC146008FB825 /* Applicable.swift */,
			);
			path = Common;
			sourceTree = "<group>";
		};
		D811446427CBC25A008FB825 /* Extensions */ = {
			isa = PBXGroup;
			children = (
				D811446027CBC212008FB825 /* Array+Sectionable.swift */,
				D811447F27CCC227008FB825 /* Array+Extensions.swift */,
				D811446227CBC254008FB825 /* UITableViewDiffableDataSource+Extensions.swift */,
				D811447727CBD699008FB825 /* Sequence+Extensions.swift */,
			);
			path = Extensions;
			sourceTree = "<group>";
		};
		D811446D27CBC43B008FB825 /* TeamView */ = {
			isa = PBXGroup;
			children = (
				D811446527CBC329008FB825 /* TeamViewController.swift */,
				D811446727CBC342008FB825 /* TeamView+Core.swift */,
				D811446927CBC400008FB825 /* TeamView+ViewState.swift */,
				D811446B27CBC418008FB825 /* TeamDetailViewCell.swift */,
			);
			path = TeamView;
			sourceTree = "<group>";
		};
		D811446E27CBC479008FB825 /* Resources */ = {
			isa = PBXGroup;
			children = (
				D811441C27CBBAC4008FB825 /* Info.plist */,
				D811441727CBBAC4008FB825 /* Assets.xcassets */,
				D811441927CBBAC4008FB825 /* LaunchScreen.storyboard */,
			);
			path = Resources;
			sourceTree = "<group>";
		};
		D811446F27CBC484008FB825 /* Main */ = {
			isa = PBXGroup;
			children = (
				D811440E27CBBAC2008FB825 /* AppDelegate.swift */,
				D811441027CBBAC2008FB825 /* SceneDelegate.swift */,
			);
			path = Main;
			sourceTree = "<group>";
		};
		D811447227CBC892008FB825 /* Secrets */ = {
			isa = PBXGroup;
			children = (
				D811447027CBC88D008FB825 /* Secrets.swift */,
				D811447527CBC94B008FB825 /* Secrets.swift.example */,
			);
			path = Secrets;
			sourceTree = "<group>";
		};
		D811447E27CCC01C008FB825 /* StandingDashboardView */ = {
			isa = PBXGroup;
			children = (
				D811447C27CCC013008FB825 /* StandingDashboardView+Core.swift */,
				D811448127CCC94B008FB825 /* StandingDashboardView+ViewState.swift */,
				D811448327CCCA17008FB825 /* StandingDashboardViewController.swift */,
			);
			path = StandingDashboardView;
			sourceTree = "<group>";
		};
		D811448A27CDCF8F008FB825 /* MatchViewCell */ = {
			isa = PBXGroup;
			children = (
				D811448627CDCF74008FB825 /* MatchViewState.swift */,
				D811448827CDCF8B008FB825 /* MatchViewCell.swift */,
			);
			path = MatchViewCell;
			sourceTree = "<group>";
		};
/* End PBXGroup section */

/* Begin PBXNativeTarget section */
		D811440A27CBBAC2008FB825 /* FootballTables */ = {
			isa = PBXNativeTarget;
			buildConfigurationList = D811443527CBBAC4008FB825 /* Build configuration list for PBXNativeTarget "FootballTables" */;
			buildPhases = (
				D811440727CBBAC2008FB825 /* Sources */,
				D811440827CBBAC2008FB825 /* Frameworks */,
				D811440927CBBAC2008FB825 /* Resources */,
			);
			buildRules = (
			);
			dependencies = (
			);
			name = FootballTables;
			packageProductDependencies = (
				D811443F27CBBD96008FB825 /* ComposableArchitecture */,
				D811444227CBBDB5008FB825 /* SnapKit */,
				D811444527CBBDCB008FB825 /* SDWebImageSVGCoder */,
				D811445927CBC102008FB825 /* FootballDataClient */,
				D811447A27CCBF2B008FB825 /* CombineExt */,
			);
			productName = FootballTables;
			productReference = D811440B27CBBAC2008FB825 /* FootballTables.app */;
			productType = "com.apple.product-type.application";
		};
		D811442027CBBAC4008FB825 /* FootballTablesTests */ = {
			isa = PBXNativeTarget;
			buildConfigurationList = D811443827CBBAC4008FB825 /* Build configuration list for PBXNativeTarget "FootballTablesTests" */;
			buildPhases = (
				D811441D27CBBAC4008FB825 /* Sources */,
				D811441E27CBBAC4008FB825 /* Frameworks */,
				D811441F27CBBAC4008FB825 /* Resources */,
			);
			buildRules = (
			);
			dependencies = (
				D811442327CBBAC4008FB825 /* PBXTargetDependency */,
			);
			name = FootballTablesTests;
			productName = FootballTablesTests;
			productReference = D811442127CBBAC4008FB825 /* FootballTablesTests.xctest */;
			productType = "com.apple.product-type.bundle.unit-test";
		};
		D811442A27CBBAC4008FB825 /* FootballTablesUITests */ = {
			isa = PBXNativeTarget;
			buildConfigurationList = D811443B27CBBAC4008FB825 /* Build configuration list for PBXNativeTarget "FootballTablesUITests" */;
			buildPhases = (
				D811442727CBBAC4008FB825 /* Sources */,
				D811442827CBBAC4008FB825 /* Frameworks */,
				D811442927CBBAC4008FB825 /* Resources */,
			);
			buildRules = (
			);
			dependencies = (
				D811442D27CBBAC4008FB825 /* PBXTargetDependency */,
			);
			name = FootballTablesUITests;
			productName = FootballTablesUITests;
			productReference = D811442B27CBBAC4008FB825 /* FootballTablesUITests.xctest */;
			productType = "com.apple.product-type.bundle.ui-testing";
		};
/* End PBXNativeTarget section */

/* Begin PBXProject section */
		D811440327CBBAC2008FB825 /* Project object */ = {
			isa = PBXProject;
			attributes = {
				BuildIndependentTargetsInParallel = 1;
				LastSwiftUpdateCheck = 1320;
				LastUpgradeCheck = 1320;
				TargetAttributes = {
					D811440A27CBBAC2008FB825 = {
						CreatedOnToolsVersion = 13.2.1;
					};
					D811442027CBBAC4008FB825 = {
						CreatedOnToolsVersion = 13.2.1;
						TestTargetID = D811440A27CBBAC2008FB825;
					};
					D811442A27CBBAC4008FB825 = {
						CreatedOnToolsVersion = 13.2.1;
						TestTargetID = D811440A27CBBAC2008FB825;
					};
				};
			};
			buildConfigurationList = D811440627CBBAC2008FB825 /* Build configuration list for PBXProject "FootballTables" */;
			compatibilityVersion = "Xcode 13.0";
			developmentRegion = en;
			hasScannedForEncodings = 0;
			knownRegions = (
				en,
				Base,
			);
			mainGroup = D811440227CBBAC2008FB825;
			packageReferences = (
				D811443E27CBBD96008FB825 /* XCRemoteSwiftPackageReference "swift-composable-architecture" */,
				D811444127CBBDB5008FB825 /* XCRemoteSwiftPackageReference "SnapKit" */,
				D811444427CBBDCB008FB825 /* XCRemoteSwiftPackageReference "SDWebImageSVGCoder" */,
				D811445827CBC102008FB825 /* XCRemoteSwiftPackageReference "FootballDataClient" */,
				D811447927CCBF2B008FB825 /* XCRemoteSwiftPackageReference "CombineExt" */,
			);
			productRefGroup = D811440C27CBBAC2008FB825 /* Products */;
			projectDirPath = "";
			projectRoot = "";
			targets = (
				D811440A27CBBAC2008FB825 /* FootballTables */,
				D811442027CBBAC4008FB825 /* FootballTablesTests */,
				D811442A27CBBAC4008FB825 /* FootballTablesUITests */,
			);
		};
/* End PBXProject section */

/* Begin PBXResourcesBuildPhase section */
		D811440927CBBAC2008FB825 /* Resources */ = {
			isa = PBXResourcesBuildPhase;
			buildActionMask = 2147483647;
			files = (
				D811441B27CBBAC4008FB825 /* LaunchScreen.storyboard in Resources */,
				D811441827CBBAC4008FB825 /* Assets.xcassets in Resources */,
				D811447627CBC94B008FB825 /* Secrets.swift.example in Resources */,
			);
			runOnlyForDeploymentPostprocessing = 0;
		};
		D811441F27CBBAC4008FB825 /* Resources */ = {
			isa = PBXResourcesBuildPhase;
			buildActionMask = 2147483647;
			files = (
			);
			runOnlyForDeploymentPostprocessing = 0;
		};
		D811442927CBBAC4008FB825 /* Resources */ = {
			isa = PBXResourcesBuildPhase;
			buildActionMask = 2147483647;
			files = (
			);
			runOnlyForDeploymentPostprocessing = 0;
		};
/* End PBXResourcesBuildPhase section */

/* Begin PBXSourcesBuildPhase section */
		D811440727CBBAC2008FB825 /* Sources */ = {
			isa = PBXSourcesBuildPhase;
			buildActionMask = 2147483647;
			files = (
				D811448727CDCF74008FB825 /* MatchViewState.swift in Sources */,
				D811445227CBBEEA008FB825 /* CompetitionStandingView+ViewState.swift in Sources */,
				D811447D27CCC013008FB825 /* StandingDashboardView+Core.swift in Sources */,
				D811447127CBC88D008FB825 /* Secrets.swift in Sources */,
				D811444A27CBBE59008FB825 /* StoreViewController.swift in Sources */,
				D811446327CBC254008FB825 /* UITableViewDiffableDataSource+Extensions.swift in Sources */,
				D811444F27CBBECC008FB825 /* CompetitionStandingView+Core.swift in Sources */,
				D811444827CBBE43008FB825 /* StoreViewState.swift in Sources */,
				D811445627CBBF27008FB825 /* TeamStandingViewCell.swift in Sources */,
				D811446827CBC342008FB825 /* TeamView+Core.swift in Sources */,
				D811446127CBC212008FB825 /* Array+Sectionable.swift in Sources */,
				D811448027CCC227008FB825 /* Array+Extensions.swift in Sources */,
				D811445427CBBF19008FB825 /* CompetitionStandingViewController.swift in Sources */,
				D811447827CBD699008FB825 /* Sequence+Extensions.swift in Sources */,
				D811448427CCCA17008FB825 /* StandingDashboardViewController.swift in Sources */,
				D811446C27CBC418008FB825 /* TeamDetailViewCell.swift in Sources */,
				D811440F27CBBAC2008FB825 /* AppDelegate.swift in Sources */,
				D811441127CBBAC2008FB825 /* SceneDelegate.swift in Sources */,
				D811448227CCC94B008FB825 /* StandingDashboardView+ViewState.swift in Sources */,
				D811445C27CBC146008FB825 /* Applicable.swift in Sources */,
				D811446A27CBC400008FB825 /* TeamView+ViewState.swift in Sources */,
				D811444C27CBBE75008FB825 /* StoreTableViewCell.swift in Sources */,
				D811445E27CBC1B9008FB825 /* Sectionable.swift in Sources */,
				D811446627CBC329008FB825 /* TeamViewController.swift in Sources */,
				D811448927CDCF8B008FB825 /* MatchViewCell.swift in Sources */,
			);
			runOnlyForDeploymentPostprocessing = 0;
		};
		D811441D27CBBAC4008FB825 /* Sources */ = {
			isa = PBXSourcesBuildPhase;
			buildActionMask = 2147483647;
			files = (
				D811442627CBBAC4008FB825 /* FootballTablesTests.swift in Sources */,
			);
			runOnlyForDeploymentPostprocessing = 0;
		};
		D811442727CBBAC4008FB825 /* Sources */ = {
			isa = PBXSourcesBuildPhase;
			buildActionMask = 2147483647;
			files = (
				D811443227CBBAC4008FB825 /* FootballTablesUITestsLaunchTests.swift in Sources */,
				D811443027CBBAC4008FB825 /* FootballTablesUITests.swift in Sources */,
			);
			runOnlyForDeploymentPostprocessing = 0;
		};
/* End PBXSourcesBuildPhase section */

/* Begin PBXTargetDependency section */
		D811442327CBBAC4008FB825 /* PBXTargetDependency */ = {
			isa = PBXTargetDependency;
			target = D811440A27CBBAC2008FB825 /* FootballTables */;
			targetProxy = D811442227CBBAC4008FB825 /* PBXContainerItemProxy */;
		};
		D811442D27CBBAC4008FB825 /* PBXTargetDependency */ = {
			isa = PBXTargetDependency;
			target = D811440A27CBBAC2008FB825 /* FootballTables */;
			targetProxy = D811442C27CBBAC4008FB825 /* PBXContainerItemProxy */;
		};
/* End PBXTargetDependency section */

/* Begin PBXVariantGroup section */
		D811441927CBBAC4008FB825 /* LaunchScreen.storyboard */ = {
			isa = PBXVariantGroup;
			children = (
				D811441A27CBBAC4008FB825 /* Base */,
			);
			name = LaunchScreen.storyboard;
			sourceTree = "<group>";
		};
/* End PBXVariantGroup section */

/* Begin XCBuildConfiguration section */
		D811443327CBBAC4008FB825 /* Debug */ = {
			isa = XCBuildConfiguration;
			buildSettings = {
				ALWAYS_SEARCH_USER_PATHS = NO;
				CLANG_ANALYZER_NONNULL = YES;
				CLANG_ANALYZER_NUMBER_OBJECT_CONVERSION = YES_AGGRESSIVE;
				CLANG_CXX_LANGUAGE_STANDARD = "gnu++17";
				CLANG_CXX_LIBRARY = "libc++";
				CLANG_ENABLE_MODULES = YES;
				CLANG_ENABLE_OBJC_ARC = YES;
				CLANG_ENABLE_OBJC_WEAK = YES;
				CLANG_WARN_BLOCK_CAPTURE_AUTORELEASING = YES;
				CLANG_WARN_BOOL_CONVERSION = YES;
				CLANG_WARN_COMMA = YES;
				CLANG_WARN_CONSTANT_CONVERSION = YES;
				CLANG_WARN_DEPRECATED_OBJC_IMPLEMENTATIONS = YES;
				CLANG_WARN_DIRECT_OBJC_ISA_USAGE = YES_ERROR;
				CLANG_WARN_DOCUMENTATION_COMMENTS = YES;
				CLANG_WARN_EMPTY_BODY = YES;
				CLANG_WARN_ENUM_CONVERSION = YES;
				CLANG_WARN_INFINITE_RECURSION = YES;
				CLANG_WARN_INT_CONVERSION = YES;
				CLANG_WARN_NON_LITERAL_NULL_CONVERSION = YES;
				CLANG_WARN_OBJC_IMPLICIT_RETAIN_SELF = YES;
				CLANG_WARN_OBJC_LITERAL_CONVERSION = YES;
				CLANG_WARN_OBJC_ROOT_CLASS = YES_ERROR;
				CLANG_WARN_QUOTED_INCLUDE_IN_FRAMEWORK_HEADER = YES;
				CLANG_WARN_RANGE_LOOP_ANALYSIS = YES;
				CLANG_WARN_STRICT_PROTOTYPES = YES;
				CLANG_WARN_SUSPICIOUS_MOVE = YES;
				CLANG_WARN_UNGUARDED_AVAILABILITY = YES_AGGRESSIVE;
				CLANG_WARN_UNREACHABLE_CODE = YES;
				CLANG_WARN__DUPLICATE_METHOD_MATCH = YES;
				COPY_PHASE_STRIP = NO;
				DEBUG_INFORMATION_FORMAT = dwarf;
				ENABLE_STRICT_OBJC_MSGSEND = YES;
				ENABLE_TESTABILITY = YES;
				GCC_C_LANGUAGE_STANDARD = gnu11;
				GCC_DYNAMIC_NO_PIC = NO;
				GCC_NO_COMMON_BLOCKS = YES;
				GCC_OPTIMIZATION_LEVEL = 0;
				GCC_PREPROCESSOR_DEFINITIONS = (
					"DEBUG=1",
					"$(inherited)",
				);
				GCC_WARN_64_TO_32_BIT_CONVERSION = YES;
				GCC_WARN_ABOUT_RETURN_TYPE = YES_ERROR;
				GCC_WARN_UNDECLARED_SELECTOR = YES;
				GCC_WARN_UNINITIALIZED_AUTOS = YES_AGGRESSIVE;
				GCC_WARN_UNUSED_FUNCTION = YES;
				GCC_WARN_UNUSED_VARIABLE = YES;
				IPHONEOS_DEPLOYMENT_TARGET = 14.0;
				MTL_ENABLE_DEBUG_INFO = INCLUDE_SOURCE;
				MTL_FAST_MATH = YES;
				ONLY_ACTIVE_ARCH = YES;
				SDKROOT = iphoneos;
				SWIFT_ACTIVE_COMPILATION_CONDITIONS = DEBUG;
				SWIFT_OPTIMIZATION_LEVEL = "-Onone";
			};
			name = Debug;
		};
		D811443427CBBAC4008FB825 /* Release */ = {
			isa = XCBuildConfiguration;
			buildSettings = {
				ALWAYS_SEARCH_USER_PATHS = NO;
				CLANG_ANALYZER_NONNULL = YES;
				CLANG_ANALYZER_NUMBER_OBJECT_CONVERSION = YES_AGGRESSIVE;
				CLANG_CXX_LANGUAGE_STANDARD = "gnu++17";
				CLANG_CXX_LIBRARY = "libc++";
				CLANG_ENABLE_MODULES = YES;
				CLANG_ENABLE_OBJC_ARC = YES;
				CLANG_ENABLE_OBJC_WEAK = YES;
				CLANG_WARN_BLOCK_CAPTURE_AUTORELEASING = YES;
				CLANG_WARN_BOOL_CONVERSION = YES;
				CLANG_WARN_COMMA = YES;
				CLANG_WARN_CONSTANT_CONVERSION = YES;
				CLANG_WARN_DEPRECATED_OBJC_IMPLEMENTATIONS = YES;
				CLANG_WARN_DIRECT_OBJC_ISA_USAGE = YES_ERROR;
				CLANG_WARN_DOCUMENTATION_COMMENTS = YES;
				CLANG_WARN_EMPTY_BODY = YES;
				CLANG_WARN_ENUM_CONVERSION = YES;
				CLANG_WARN_INFINITE_RECURSION = YES;
				CLANG_WARN_INT_CONVERSION = YES;
				CLANG_WARN_NON_LITERAL_NULL_CONVERSION = YES;
				CLANG_WARN_OBJC_IMPLICIT_RETAIN_SELF = YES;
				CLANG_WARN_OBJC_LITERAL_CONVERSION = YES;
				CLANG_WARN_OBJC_ROOT_CLASS = YES_ERROR;
				CLANG_WARN_QUOTED_INCLUDE_IN_FRAMEWORK_HEADER = YES;
				CLANG_WARN_RANGE_LOOP_ANALYSIS = YES;
				CLANG_WARN_STRICT_PROTOTYPES = YES;
				CLANG_WARN_SUSPICIOUS_MOVE = YES;
				CLANG_WARN_UNGUARDED_AVAILABILITY = YES_AGGRESSIVE;
				CLANG_WARN_UNREACHABLE_CODE = YES;
				CLANG_WARN__DUPLICATE_METHOD_MATCH = YES;
				COPY_PHASE_STRIP = NO;
				DEBUG_INFORMATION_FORMAT = "dwarf-with-dsym";
				ENABLE_NS_ASSERTIONS = NO;
				ENABLE_STRICT_OBJC_MSGSEND = YES;
				GCC_C_LANGUAGE_STANDARD = gnu11;
				GCC_NO_COMMON_BLOCKS = YES;
				GCC_WARN_64_TO_32_BIT_CONVERSION = YES;
				GCC_WARN_ABOUT_RETURN_TYPE = YES_ERROR;
				GCC_WARN_UNDECLARED_SELECTOR = YES;
				GCC_WARN_UNINITIALIZED_AUTOS = YES_AGGRESSIVE;
				GCC_WARN_UNUSED_FUNCTION = YES;
				GCC_WARN_UNUSED_VARIABLE = YES;
				IPHONEOS_DEPLOYMENT_TARGET = 14.0;
				MTL_ENABLE_DEBUG_INFO = NO;
				MTL_FAST_MATH = YES;
				SDKROOT = iphoneos;
				SWIFT_COMPILATION_MODE = wholemodule;
				SWIFT_OPTIMIZATION_LEVEL = "-O";
				VALIDATE_PRODUCT = YES;
			};
			name = Release;
		};
		D811443627CBBAC4008FB825 /* Debug */ = {
			isa = XCBuildConfiguration;
			buildSettings = {
				ASSETCATALOG_COMPILER_APPICON_NAME = AppIcon;
				ASSETCATALOG_COMPILER_GLOBAL_ACCENT_COLOR_NAME = AccentColor;
				CODE_SIGN_STYLE = Automatic;
				CURRENT_PROJECT_VERSION = 1;
				DEVELOPMENT_TEAM = GYPH974N94;
				GENERATE_INFOPLIST_FILE = YES;
				INFOPLIST_FILE = FootballTables/Resources/Info.plist;
				INFOPLIST_KEY_UIApplicationSupportsIndirectInputEvents = YES;
				INFOPLIST_KEY_UILaunchStoryboardName = LaunchScreen;
				INFOPLIST_KEY_UISupportedInterfaceOrientations = UIInterfaceOrientationPortrait;
				INFOPLIST_KEY_UISupportedInterfaceOrientations_iPad = "UIInterfaceOrientationPortrait UIInterfaceOrientationPortraitUpsideDown UIInterfaceOrientationLandscapeLeft UIInterfaceOrientationLandscapeRight";
				INFOPLIST_KEY_UISupportedInterfaceOrientations_iPhone = "UIInterfaceOrientationPortrait UIInterfaceOrientationLandscapeLeft UIInterfaceOrientationLandscapeRight";
				LD_RUNPATH_SEARCH_PATHS = (
					"$(inherited)",
					"@executable_path/Frameworks",
				);
				MARKETING_VERSION = 1.0;
				PRODUCT_BUNDLE_IDENTIFIER = com.doanlethieu.FootballTables;
				PRODUCT_NAME = "$(TARGET_NAME)";
				SWIFT_EMIT_LOC_STRINGS = YES;
				SWIFT_VERSION = 5.0;
				TARGETED_DEVICE_FAMILY = 1;
			};
			name = Debug;
		};
		D811443727CBBAC4008FB825 /* Release */ = {
			isa = XCBuildConfiguration;
			buildSettings = {
				ASSETCATALOG_COMPILER_APPICON_NAME = AppIcon;
				ASSETCATALOG_COMPILER_GLOBAL_ACCENT_COLOR_NAME = AccentColor;
				CODE_SIGN_STYLE = Automatic;
				CURRENT_PROJECT_VERSION = 1;
				DEVELOPMENT_TEAM = GYPH974N94;
				GENERATE_INFOPLIST_FILE = YES;
				INFOPLIST_FILE = FootballTables/Resources/Info.plist;
				INFOPLIST_KEY_UIApplicationSupportsIndirectInputEvents = YES;
				INFOPLIST_KEY_UILaunchStoryboardName = LaunchScreen;
				INFOPLIST_KEY_UISupportedInterfaceOrientations = UIInterfaceOrientationPortrait;
				INFOPLIST_KEY_UISupportedInterfaceOrientations_iPad = "UIInterfaceOrientationPortrait UIInterfaceOrientationPortraitUpsideDown UIInterfaceOrientationLandscapeLeft UIInterfaceOrientationLandscapeRight";
				INFOPLIST_KEY_UISupportedInterfaceOrientations_iPhone = "UIInterfaceOrientationPortrait UIInterfaceOrientationLandscapeLeft UIInterfaceOrientationLandscapeRight";
				LD_RUNPATH_SEARCH_PATHS = (
					"$(inherited)",
					"@executable_path/Frameworks",
				);
				MARKETING_VERSION = 1.0;
				PRODUCT_BUNDLE_IDENTIFIER = com.doanlethieu.FootballTables;
				PRODUCT_NAME = "$(TARGET_NAME)";
				SWIFT_EMIT_LOC_STRINGS = YES;
				SWIFT_VERSION = 5.0;
				TARGETED_DEVICE_FAMILY = 1;
			};
			name = Release;
		};
		D811443927CBBAC4008FB825 /* Debug */ = {
			isa = XCBuildConfiguration;
			buildSettings = {
				ALWAYS_EMBED_SWIFT_STANDARD_LIBRARIES = YES;
				BUNDLE_LOADER = "$(TEST_HOST)";
				CODE_SIGN_STYLE = Automatic;
				CURRENT_PROJECT_VERSION = 1;
				DEVELOPMENT_TEAM = GYPH974N94;
				GENERATE_INFOPLIST_FILE = YES;
				IPHONEOS_DEPLOYMENT_TARGET = 15.2;
				MARKETING_VERSION = 1.0;
				PRODUCT_BUNDLE_IDENTIFIER = com.doanlethieu.FootballTablesTests;
				PRODUCT_NAME = "$(TARGET_NAME)";
				SWIFT_EMIT_LOC_STRINGS = NO;
				SWIFT_VERSION = 5.0;
				TARGETED_DEVICE_FAMILY = "1,2";
				TEST_HOST = "$(BUILT_PRODUCTS_DIR)/FootballTables.app/FootballTables";
			};
			name = Debug;
		};
		D811443A27CBBAC4008FB825 /* Release */ = {
			isa = XCBuildConfiguration;
			buildSettings = {
				ALWAYS_EMBED_SWIFT_STANDARD_LIBRARIES = YES;
				BUNDLE_LOADER = "$(TEST_HOST)";
				CODE_SIGN_STYLE = Automatic;
				CURRENT_PROJECT_VERSION = 1;
				DEVELOPMENT_TEAM = GYPH974N94;
				GENERATE_INFOPLIST_FILE = YES;
				IPHONEOS_DEPLOYMENT_TARGET = 15.2;
				MARKETING_VERSION = 1.0;
				PRODUCT_BUNDLE_IDENTIFIER = com.doanlethieu.FootballTablesTests;
				PRODUCT_NAME = "$(TARGET_NAME)";
				SWIFT_EMIT_LOC_STRINGS = NO;
				SWIFT_VERSION = 5.0;
				TARGETED_DEVICE_FAMILY = "1,2";
				TEST_HOST = "$(BUILT_PRODUCTS_DIR)/FootballTables.app/FootballTables";
			};
			name = Release;
		};
		D811443C27CBBAC4008FB825 /* Debug */ = {
			isa = XCBuildConfiguration;
			buildSettings = {
				ALWAYS_EMBED_SWIFT_STANDARD_LIBRARIES = YES;
				CODE_SIGN_STYLE = Automatic;
				CURRENT_PROJECT_VERSION = 1;
				DEVELOPMENT_TEAM = GYPH974N94;
				GENERATE_INFOPLIST_FILE = YES;
				MARKETING_VERSION = 1.0;
				PRODUCT_BUNDLE_IDENTIFIER = com.doanlethieu.FootballTablesUITests;
				PRODUCT_NAME = "$(TARGET_NAME)";
				SWIFT_EMIT_LOC_STRINGS = NO;
				SWIFT_VERSION = 5.0;
				TARGETED_DEVICE_FAMILY = "1,2";
				TEST_TARGET_NAME = FootballTables;
			};
			name = Debug;
		};
		D811443D27CBBAC4008FB825 /* Release */ = {
			isa = XCBuildConfiguration;
			buildSettings = {
				ALWAYS_EMBED_SWIFT_STANDARD_LIBRARIES = YES;
				CODE_SIGN_STYLE = Automatic;
				CURRENT_PROJECT_VERSION = 1;
				DEVELOPMENT_TEAM = GYPH974N94;
				GENERATE_INFOPLIST_FILE = YES;
				MARKETING_VERSION = 1.0;
				PRODUCT_BUNDLE_IDENTIFIER = com.doanlethieu.FootballTablesUITests;
				PRODUCT_NAME = "$(TARGET_NAME)";
				SWIFT_EMIT_LOC_STRINGS = NO;
				SWIFT_VERSION = 5.0;
				TARGETED_DEVICE_FAMILY = "1,2";
				TEST_TARGET_NAME = FootballTables;
			};
			name = Release;
		};
/* End XCBuildConfiguration section */

/* Begin XCConfigurationList section */
		D811440627CBBAC2008FB825 /* Build configuration list for PBXProject "FootballTables" */ = {
			isa = XCConfigurationList;
			buildConfigurations = (
				D811443327CBBAC4008FB825 /* Debug */,
				D811443427CBBAC4008FB825 /* Release */,
			);
			defaultConfigurationIsVisible = 0;
			defaultConfigurationName = Release;
		};
		D811443527CBBAC4008FB825 /* Build configuration list for PBXNativeTarget "FootballTables" */ = {
			isa = XCConfigurationList;
			buildConfigurations = (
				D811443627CBBAC4008FB825 /* Debug */,
				D811443727CBBAC4008FB825 /* Release */,
			);
			defaultConfigurationIsVisible = 0;
			defaultConfigurationName = Release;
		};
		D811443827CBBAC4008FB825 /* Build configuration list for PBXNativeTarget "FootballTablesTests" */ = {
			isa = XCConfigurationList;
			buildConfigurations = (
				D811443927CBBAC4008FB825 /* Debug */,
				D811443A27CBBAC4008FB825 /* Release */,
			);
			defaultConfigurationIsVisible = 0;
			defaultConfigurationName = Release;
		};
		D811443B27CBBAC4008FB825 /* Build configuration list for PBXNativeTarget "FootballTablesUITests" */ = {
			isa = XCConfigurationList;
			buildConfigurations = (
				D811443C27CBBAC4008FB825 /* Debug */,
				D811443D27CBBAC4008FB825 /* Release */,
			);
			defaultConfigurationIsVisible = 0;
			defaultConfigurationName = Release;
		};
/* End XCConfigurationList section */

/* Begin XCRemoteSwiftPackageReference section */
		D811443E27CBBD96008FB825 /* XCRemoteSwiftPackageReference "swift-composable-architecture" */ = {
			isa = XCRemoteSwiftPackageReference;
			repositoryURL = "https://github.com/pointfreeco/swift-composable-architecture";
			requirement = {
				kind = upToNextMajorVersion;
				minimumVersion = 0.9.0;
			};
		};
		D811444127CBBDB5008FB825 /* XCRemoteSwiftPackageReference "SnapKit" */ = {
			isa = XCRemoteSwiftPackageReference;
			repositoryURL = "https://github.com/SnapKit/SnapKit";
			requirement = {
				kind = upToNextMajorVersion;
				minimumVersion = 5.0.0;
			};
		};
		D811444427CBBDCB008FB825 /* XCRemoteSwiftPackageReference "SDWebImageSVGCoder" */ = {
			isa = XCRemoteSwiftPackageReference;
			repositoryURL = "https://github.com/SDWebImage/SDWebImageSVGCoder";
			requirement = {
				kind = upToNextMajorVersion;
				minimumVersion = 1.0.0;
			};
		};
		D811445827CBC102008FB825 /* XCRemoteSwiftPackageReference "FootballDataClient" */ = {
			isa = XCRemoteSwiftPackageReference;
			repositoryURL = "https://github.com/Thieurom/FootballDataClient";
			requirement = {
				kind = exactVersion;
				version = 0.2.0;
			};
		};
		D811447927CCBF2B008FB825 /* XCRemoteSwiftPackageReference "CombineExt" */ = {
			isa = XCRemoteSwiftPackageReference;
			repositoryURL = "https://github.com/CombineCommunity/CombineExt";
			requirement = {
				kind = upToNextMajorVersion;
				minimumVersion = 1.0.0;
			};
		};
/* End XCRemoteSwiftPackageReference section */

/* Begin XCSwiftPackageProductDependency section */
		D811443F27CBBD96008FB825 /* ComposableArchitecture */ = {
			isa = XCSwiftPackageProductDependency;
			package = D811443E27CBBD96008FB825 /* XCRemoteSwiftPackageReference "swift-composable-architecture" */;
			productName = ComposableArchitecture;
		};
		D811444227CBBDB5008FB825 /* SnapKit */ = {
			isa = XCSwiftPackageProductDependency;
			package = D811444127CBBDB5008FB825 /* XCRemoteSwiftPackageReference "SnapKit" */;
			productName = SnapKit;
		};
		D811444527CBBDCB008FB825 /* SDWebImageSVGCoder */ = {
			isa = XCSwiftPackageProductDependency;
			package = D811444427CBBDCB008FB825 /* XCRemoteSwiftPackageReference "SDWebImageSVGCoder" */;
			productName = SDWebImageSVGCoder;
		};
		D811445927CBC102008FB825 /* FootballDataClient */ = {
			isa = XCSwiftPackageProductDependency;
			package = D811445827CBC102008FB825 /* XCRemoteSwiftPackageReference "FootballDataClient" */;
			productName = FootballDataClient;
		};
		D811447A27CCBF2B008FB825 /* CombineExt */ = {
			isa = XCSwiftPackageProductDependency;
			package = D811447927CCBF2B008FB825 /* XCRemoteSwiftPackageReference "CombineExt" */;
			productName = CombineExt;
		};
/* End XCSwiftPackageProductDependency section */
	};
	rootObject = D811440327CBBAC2008FB825 /* Project object */;
}
